// !$*UTF8*$!
{
	archiveVersion = 1;
	classes = {
	};
	objectVersion = 56;
	objects = {

/* Begin PBXBuildFile section */
		B545917729BAD11E0060CD48 /* Supabase in Frameworks */ = {isa = PBXBuildFile; productRef = B545917629BAD11E0060CD48 /* Supabase */; };
		B5468D2529C7DE360003311B /* BottomSheet in Frameworks */ = {isa = PBXBuildFile; productRef = B5468D2429C7DE360003311B /* BottomSheet */; };
		B5468D2829C7F01D0003311B /* FriendShareViewModel.swift in Sources */ = {isa = PBXBuildFile; fileRef = B5468D2729C7F01D0003311B /* FriendShareViewModel.swift */; };
		B5468D2A29C7F4DC0003311B /* LoginViewModel.swift in Sources */ = {isa = PBXBuildFile; fileRef = B5468D2929C7F4DC0003311B /* LoginViewModel.swift */; };
		B5468D2C29C7FB1A0003311B /* Button.swift in Sources */ = {isa = PBXBuildFile; fileRef = B5468D2B29C7FB1A0003311B /* Button.swift */; };
		B5468D3029C8002C0003311B /* LandingView.swift in Sources */ = {isa = PBXBuildFile; fileRef = B5468D2F29C8002C0003311B /* LandingView.swift */; };
		B5468D3429C81C3D0003311B /* VerifyCodeViewModel.swift in Sources */ = {isa = PBXBuildFile; fileRef = B5468D3329C81C3D0003311B /* VerifyCodeViewModel.swift */; };
		B5501F0C29C63F860024EB94 /* CameraControlsView.swift in Sources */ = {isa = PBXBuildFile; fileRef = B5501F0B29C63F860024EB94 /* CameraControlsView.swift */; };
		B5501F0F29C651080024EB94 /* PathPresenter in Frameworks */ = {isa = PBXBuildFile; productRef = B5501F0E29C651080024EB94 /* PathPresenter */; };
		B5501F1129C69E4B0024EB94 /* CameraPreviewViewModel.swift in Sources */ = {isa = PBXBuildFile; fileRef = B5501F1029C69E4B0024EB94 /* CameraPreviewViewModel.swift */; };
		B5501F1B29C77D9B0024EB94 /* CameraPreviewUIView.swift in Sources */ = {isa = PBXBuildFile; fileRef = B5501F1A29C77D9B0024EB94 /* CameraPreviewUIView.swift */; };
		B5501F1D29C791D20024EB94 /* CapturedPhotoControlsView.swift in Sources */ = {isa = PBXBuildFile; fileRef = B5501F1C29C791D20024EB94 /* CapturedPhotoControlsView.swift */; };
		B5501F1F29C792AB0024EB94 /* PhotoService.swift in Sources */ = {isa = PBXBuildFile; fileRef = B5501F1E29C792AA0024EB94 /* PhotoService.swift */; };
		B5501F2129C794E00024EB94 /* UserService.swift in Sources */ = {isa = PBXBuildFile; fileRef = B5501F2029C794E00024EB94 /* UserService.swift */; };
		B5501F2329C7ACBB0024EB94 /* Date.swift in Sources */ = {isa = PBXBuildFile; fileRef = B5501F2229C7ACBB0024EB94 /* Date.swift */; };
		B5501F2529C7C0900024EB94 /* FriendShareView.swift in Sources */ = {isa = PBXBuildFile; fileRef = B5501F2429C7C0900024EB94 /* FriendShareView.swift */; };
		B5501F2729C7D3E50024EB94 /* Text.swift in Sources */ = {isa = PBXBuildFile; fileRef = B5501F2629C7D3E50024EB94 /* Text.swift */; };
		B58D492E29CC036D00B39430 /* SetupNameViewModel.swift in Sources */ = {isa = PBXBuildFile; fileRef = B58D492D29CC036D00B39430 /* SetupNameViewModel.swift */; };
		B58D493A29CF675700B39430 /* AIAEC in Frameworks */ = {isa = PBXBuildFile; productRef = B58D493929CF675700B39430 /* AIAEC */; };
		B58D493C29CF675700B39430 /* AINS in Frameworks */ = {isa = PBXBuildFile; productRef = B58D493B29CF675700B39430 /* AINS */; };
		B58D494029CF675700B39430 /* ClearVision in Frameworks */ = {isa = PBXBuildFile; productRef = B58D493F29CF675700B39430 /* ClearVision */; };
		B58D494229CF675700B39430 /* ContentInspect in Frameworks */ = {isa = PBXBuildFile; productRef = B58D494129CF675700B39430 /* ContentInspect */; };
		B58D494429CF675700B39430 /* DRM in Frameworks */ = {isa = PBXBuildFile; productRef = B58D494329CF675700B39430 /* DRM */; };
		B58D494629CF675700B39430 /* FaceDetection in Frameworks */ = {isa = PBXBuildFile; productRef = B58D494529CF675700B39430 /* FaceDetection */; };
		B58D494A29CF675700B39430 /* RtcBasic in Frameworks */ = {isa = PBXBuildFile; productRef = B58D494929CF675700B39430 /* RtcBasic */; };
		B58D494E29CF675700B39430 /* VQA in Frameworks */ = {isa = PBXBuildFile; productRef = B58D494D29CF675700B39430 /* VQA */; };
		B58D495029CF675700B39430 /* VirtualBackground in Frameworks */ = {isa = PBXBuildFile; productRef = B58D494F29CF675700B39430 /* VirtualBackground */; };
		B58D495429CF738800B39430 /* AgoraView.swift in Sources */ = {isa = PBXBuildFile; fileRef = B58D495329CF738800B39430 /* AgoraView.swift */; };
		B58D495629CFD74900B39430 /* CallManager.swift in Sources */ = {isa = PBXBuildFile; fileRef = B58D495529CFD74900B39430 /* CallManager.swift */; };
		B58D495929D0ACF700B39430 /* BlinkAppDelegate.swift in Sources */ = {isa = PBXBuildFile; fileRef = B58D495829D0ACF700B39430 /* BlinkAppDelegate.swift */; };
		B58D495B29D0B11500B39430 /* TestService.swift in Sources */ = {isa = PBXBuildFile; fileRef = B58D495A29D0B11500B39430 /* TestService.swift */; };
		B58D495D29D0B57500B39430 /* NetworkService.swift in Sources */ = {isa = PBXBuildFile; fileRef = B58D495C29D0B57500B39430 /* NetworkService.swift */; };
		B5975D9E29BAACED00716C1F /* BlinkApp.swift in Sources */ = {isa = PBXBuildFile; fileRef = B5975D9D29BAACED00716C1F /* BlinkApp.swift */; };
		B5975DA029BAACED00716C1F /* AppView.swift in Sources */ = {isa = PBXBuildFile; fileRef = B5975D9F29BAACED00716C1F /* AppView.swift */; };
		B5975DA229BAACEE00716C1F /* Assets.xcassets in Resources */ = {isa = PBXBuildFile; fileRef = B5975DA129BAACEE00716C1F /* Assets.xcassets */; };
		B5975DA529BAACEE00716C1F /* Preview Assets.xcassets in Resources */ = {isa = PBXBuildFile; fileRef = B5975DA429BAACEE00716C1F /* Preview Assets.xcassets */; };
		B5975DAF29BAACEE00716C1F /* blinkTests.swift in Sources */ = {isa = PBXBuildFile; fileRef = B5975DAE29BAACEE00716C1F /* blinkTests.swift */; };
		B5975DB929BAACEE00716C1F /* blinkUITests.swift in Sources */ = {isa = PBXBuildFile; fileRef = B5975DB829BAACEE00716C1F /* blinkUITests.swift */; };
		B5975DBB29BAACEE00716C1F /* blinkUITestsLaunchTests.swift in Sources */ = {isa = PBXBuildFile; fileRef = B5975DBA29BAACEE00716C1F /* blinkUITestsLaunchTests.swift */; };
		B5975DD029BAAD0500716C1F /* SwiftUI.framework in Frameworks */ = {isa = PBXBuildFile; fileRef = B5975DCF29BAAD0500716C1F /* SwiftUI.framework */; };
		B5975DE029BAAD0600716C1F /* blinksExtension.appex in Embed Foundation Extensions */ = {isa = PBXBuildFile; fileRef = B5975DCB29BAAD0500716C1F /* blinksExtension.appex */; settings = {ATTRIBUTES = (RemoveHeadersOnCopy, ); }; };
		B5E3D4D429C000FC007EFD8D /* Color.swift in Sources */ = {isa = PBXBuildFile; fileRef = B5E3D4D329C000FC007EFD8D /* Color.swift */; };
		B5E9AB3429C27AC300A3CAC6 /* SessionManager.swift in Sources */ = {isa = PBXBuildFile; fileRef = B5E9AB3329C27AC300A3CAC6 /* SessionManager.swift */; };
		B5E9AB3829C27D3800A3CAC6 /* SessionModel.swift in Sources */ = {isa = PBXBuildFile; fileRef = B5E9AB3729C27D3800A3CAC6 /* SessionModel.swift */; };
		B5E9AB3C29C2871300A3CAC6 /* AuthService.swift in Sources */ = {isa = PBXBuildFile; fileRef = B5E9AB3B29C2871300A3CAC6 /* AuthService.swift */; };
		B5E9AB3F29C2899800A3CAC6 /* LoginView.swift in Sources */ = {isa = PBXBuildFile; fileRef = B5E9AB3E29C2899800A3CAC6 /* LoginView.swift */; };
		B5E9AB4229C28B9400A3CAC6 /* AuthenticationNavigationView.swift in Sources */ = {isa = PBXBuildFile; fileRef = B5E9AB4129C28B9400A3CAC6 /* AuthenticationNavigationView.swift */; };
		B5E9AB4529C28C1200A3CAC6 /* AuthenticationNavigationViewModel.swift in Sources */ = {isa = PBXBuildFile; fileRef = B5E9AB4429C28C1200A3CAC6 /* AuthenticationNavigationViewModel.swift */; };
		B5E9AB4729C28D3700A3CAC6 /* VerifyView.swift in Sources */ = {isa = PBXBuildFile; fileRef = B5E9AB4629C28D3700A3CAC6 /* VerifyView.swift */; };
		B5E9AB4A29C2951000A3CAC6 /* KeychainSwift in Frameworks */ = {isa = PBXBuildFile; productRef = B5E9AB4929C2951000A3CAC6 /* KeychainSwift */; };
		B5E9AB4C29C2951B00A3CAC6 /* KeychainManager.swift in Sources */ = {isa = PBXBuildFile; fileRef = B5E9AB4B29C2951B00A3CAC6 /* KeychainManager.swift */; };
		B5E9AB4F29C297C600A3CAC6 /* CameraView.swift in Sources */ = {isa = PBXBuildFile; fileRef = B5E9AB4E29C297C600A3CAC6 /* CameraView.swift */; };
		B5E9AB5229C2997D00A3CAC6 /* MainNavigation.swift in Sources */ = {isa = PBXBuildFile; fileRef = B5E9AB5129C2997D00A3CAC6 /* MainNavigation.swift */; };
		B5E9AB5429C29ACD00A3CAC6 /* ProfileView.swift in Sources */ = {isa = PBXBuildFile; fileRef = B5E9AB5329C29ACD00A3CAC6 /* ProfileView.swift */; };
		B5E9AB5629C29AD700A3CAC6 /* MessagesView.swift in Sources */ = {isa = PBXBuildFile; fileRef = B5E9AB5529C29AD700A3CAC6 /* MessagesView.swift */; };
		B5E9AB5829C2A39200A3CAC6 /* SetupName.swift in Sources */ = {isa = PBXBuildFile; fileRef = B5E9AB5729C2A39200A3CAC6 /* SetupName.swift */; };
		B5E9AB6329C3A9FA00A3CAC6 /* ProfileViewModel.swift in Sources */ = {isa = PBXBuildFile; fileRef = B5E9AB6229C3A9FA00A3CAC6 /* ProfileViewModel.swift */; };
		B5E9AB6729C3BE4200A3CAC6 /* UserModel.swift in Sources */ = {isa = PBXBuildFile; fileRef = B5E9AB6629C3BE4200A3CAC6 /* UserModel.swift */; };
		B5E9AB6929C3C22200A3CAC6 /* VerifyViewModel.swift in Sources */ = {isa = PBXBuildFile; fileRef = B5E9AB6829C3C22200A3CAC6 /* VerifyViewModel.swift */; };
		B5E9AB6C29C3E4EC00A3CAC6 /* UserManager.swift in Sources */ = {isa = PBXBuildFile; fileRef = B5E9AB6B29C3E4EC00A3CAC6 /* UserManager.swift */; };
		B5E9AB6E29C5566600A3CAC6 /* AuthManager.swift in Sources */ = {isa = PBXBuildFile; fileRef = B5E9AB6D29C5566600A3CAC6 /* AuthManager.swift */; };
		B5EAA25329C6337F0090D37B /* MockAuthManager.swift in Sources */ = {isa = PBXBuildFile; fileRef = B5EAA25229C6337F0090D37B /* MockAuthManager.swift */; };
		B5EAA25729C63B330090D37B /* CameraPreviewView.swift in Sources */ = {isa = PBXBuildFile; fileRef = B5EAA25629C63B330090D37B /* CameraPreviewView.swift */; };
/* End PBXBuildFile section */

/* Begin PBXContainerItemProxy section */
		B5975DAB29BAACEE00716C1F /* PBXContainerItemProxy */ = {
			isa = PBXContainerItemProxy;
			containerPortal = B5975D9229BAACED00716C1F /* Project object */;
			proxyType = 1;
			remoteGlobalIDString = B5975D9929BAACED00716C1F;
			remoteInfo = blink;
		};
		B5975DB529BAACEE00716C1F /* PBXContainerItemProxy */ = {
			isa = PBXContainerItemProxy;
			containerPortal = B5975D9229BAACED00716C1F /* Project object */;
			proxyType = 1;
			remoteGlobalIDString = B5975D9929BAACED00716C1F;
			remoteInfo = blink;
		};
		B5975DDE29BAAD0600716C1F /* PBXContainerItemProxy */ = {
			isa = PBXContainerItemProxy;
			containerPortal = B5975D9229BAACED00716C1F /* Project object */;
			proxyType = 1;
			remoteGlobalIDString = B5975DCA29BAAD0500716C1F;
			remoteInfo = blinksExtension;
		};
/* End PBXContainerItemProxy section */

/* Begin PBXCopyFilesBuildPhase section */
		B5975DE429BAAD0600716C1F /* Embed Foundation Extensions */ = {
			isa = PBXCopyFilesBuildPhase;
			buildActionMask = 2147483647;
			dstPath = "";
			dstSubfolderSpec = 13;
			files = (
				B5975DE029BAAD0600716C1F /* blinksExtension.appex in Embed Foundation Extensions */,
			);
			name = "Embed Foundation Extensions";
			runOnlyForDeploymentPostprocessing = 0;
		};
/* End PBXCopyFilesBuildPhase section */

/* Begin PBXFileReference section */
		B5468D2729C7F01D0003311B /* FriendShareViewModel.swift */ = {isa = PBXFileReference; lastKnownFileType = sourcecode.swift; path = FriendShareViewModel.swift; sourceTree = "<group>"; };
		B5468D2929C7F4DC0003311B /* LoginViewModel.swift */ = {isa = PBXFileReference; lastKnownFileType = sourcecode.swift; path = LoginViewModel.swift; sourceTree = "<group>"; };
		B5468D2B29C7FB1A0003311B /* Button.swift */ = {isa = PBXFileReference; lastKnownFileType = sourcecode.swift; path = Button.swift; sourceTree = "<group>"; };
		B5468D2F29C8002C0003311B /* LandingView.swift */ = {isa = PBXFileReference; lastKnownFileType = sourcecode.swift; path = LandingView.swift; sourceTree = "<group>"; };
		B5468D3329C81C3D0003311B /* VerifyCodeViewModel.swift */ = {isa = PBXFileReference; lastKnownFileType = sourcecode.swift; path = VerifyCodeViewModel.swift; sourceTree = "<group>"; };
		B5501F0B29C63F860024EB94 /* CameraControlsView.swift */ = {isa = PBXFileReference; lastKnownFileType = sourcecode.swift; path = CameraControlsView.swift; sourceTree = "<group>"; };
		B5501F1029C69E4B0024EB94 /* CameraPreviewViewModel.swift */ = {isa = PBXFileReference; lastKnownFileType = sourcecode.swift; path = CameraPreviewViewModel.swift; sourceTree = "<group>"; };
		B5501F1A29C77D9B0024EB94 /* CameraPreviewUIView.swift */ = {isa = PBXFileReference; lastKnownFileType = sourcecode.swift; path = CameraPreviewUIView.swift; sourceTree = "<group>"; };
		B5501F1C29C791D20024EB94 /* CapturedPhotoControlsView.swift */ = {isa = PBXFileReference; lastKnownFileType = sourcecode.swift; path = CapturedPhotoControlsView.swift; sourceTree = "<group>"; };
		B5501F1E29C792AA0024EB94 /* PhotoService.swift */ = {isa = PBXFileReference; lastKnownFileType = sourcecode.swift; path = PhotoService.swift; sourceTree = "<group>"; };
		B5501F2029C794E00024EB94 /* UserService.swift */ = {isa = PBXFileReference; fileEncoding = 4; lastKnownFileType = sourcecode.swift; name = UserService.swift; path = ../../../../.Trash/UserService.swift; sourceTree = "<group>"; };
		B5501F2229C7ACBB0024EB94 /* Date.swift */ = {isa = PBXFileReference; lastKnownFileType = sourcecode.swift; path = Date.swift; sourceTree = "<group>"; };
		B5501F2429C7C0900024EB94 /* FriendShareView.swift */ = {isa = PBXFileReference; lastKnownFileType = sourcecode.swift; path = FriendShareView.swift; sourceTree = "<group>"; };
		B5501F2629C7D3E50024EB94 /* Text.swift */ = {isa = PBXFileReference; lastKnownFileType = sourcecode.swift; path = Text.swift; sourceTree = "<group>"; };
		B58D492D29CC036D00B39430 /* SetupNameViewModel.swift */ = {isa = PBXFileReference; lastKnownFileType = sourcecode.swift; path = SetupNameViewModel.swift; sourceTree = "<group>"; };
		B58D495329CF738800B39430 /* AgoraView.swift */ = {isa = PBXFileReference; lastKnownFileType = sourcecode.swift; path = AgoraView.swift; sourceTree = "<group>"; };
		B58D495529CFD74900B39430 /* CallManager.swift */ = {isa = PBXFileReference; lastKnownFileType = sourcecode.swift; path = CallManager.swift; sourceTree = "<group>"; };
		B58D495729CFDAF000B39430 /* Info.plist */ = {isa = PBXFileReference; lastKnownFileType = text.plist; path = Info.plist; sourceTree = "<group>"; };
		B58D495829D0ACF700B39430 /* BlinkAppDelegate.swift */ = {isa = PBXFileReference; lastKnownFileType = sourcecode.swift; path = BlinkAppDelegate.swift; sourceTree = "<group>"; };
		B58D495A29D0B11500B39430 /* TestService.swift */ = {isa = PBXFileReference; lastKnownFileType = sourcecode.swift; path = TestService.swift; sourceTree = "<group>"; };
		B58D495C29D0B57500B39430 /* NetworkService.swift */ = {isa = PBXFileReference; lastKnownFileType = sourcecode.swift; path = NetworkService.swift; sourceTree = "<group>"; };
		B5975D9A29BAACED00716C1F /* blink.app */ = {isa = PBXFileReference; explicitFileType = wrapper.application; includeInIndex = 0; path = blink.app; sourceTree = BUILT_PRODUCTS_DIR; };
		B5975D9D29BAACED00716C1F /* BlinkApp.swift */ = {isa = PBXFileReference; lastKnownFileType = sourcecode.swift; path = BlinkApp.swift; sourceTree = "<group>"; };
		B5975D9F29BAACED00716C1F /* AppView.swift */ = {isa = PBXFileReference; lastKnownFileType = sourcecode.swift; path = AppView.swift; sourceTree = "<group>"; };
		B5975DA129BAACEE00716C1F /* Assets.xcassets */ = {isa = PBXFileReference; lastKnownFileType = folder.assetcatalog; path = Assets.xcassets; sourceTree = "<group>"; };
		B5975DA429BAACEE00716C1F /* Preview Assets.xcassets */ = {isa = PBXFileReference; lastKnownFileType = folder.assetcatalog; path = "Preview Assets.xcassets"; sourceTree = "<group>"; };
		B5975DAA29BAACEE00716C1F /* blinkTests.xctest */ = {isa = PBXFileReference; explicitFileType = wrapper.cfbundle; includeInIndex = 0; path = blinkTests.xctest; sourceTree = BUILT_PRODUCTS_DIR; };
		B5975DAE29BAACEE00716C1F /* blinkTests.swift */ = {isa = PBXFileReference; lastKnownFileType = sourcecode.swift; path = blinkTests.swift; sourceTree = "<group>"; };
		B5975DB429BAACEE00716C1F /* blinkUITests.xctest */ = {isa = PBXFileReference; explicitFileType = wrapper.cfbundle; includeInIndex = 0; path = blinkUITests.xctest; sourceTree = BUILT_PRODUCTS_DIR; };
		B5975DB829BAACEE00716C1F /* blinkUITests.swift */ = {isa = PBXFileReference; lastKnownFileType = sourcecode.swift; path = blinkUITests.swift; sourceTree = "<group>"; };
		B5975DBA29BAACEE00716C1F /* blinkUITestsLaunchTests.swift */ = {isa = PBXFileReference; lastKnownFileType = sourcecode.swift; path = blinkUITestsLaunchTests.swift; sourceTree = "<group>"; };
		B5975DCB29BAAD0500716C1F /* blinksExtension.appex */ = {isa = PBXFileReference; explicitFileType = "wrapper.app-extension"; includeInIndex = 0; path = blinksExtension.appex; sourceTree = BUILT_PRODUCTS_DIR; };
		B5975DCF29BAAD0500716C1F /* SwiftUI.framework */ = {isa = PBXFileReference; lastKnownFileType = wrapper.framework; name = SwiftUI.framework; path = System/Library/Frameworks/SwiftUI.framework; sourceTree = SDKROOT; };
		B5E34D3529BFE197009B872C /* blink.entitlements */ = {isa = PBXFileReference; lastKnownFileType = text.plist.entitlements; path = blink.entitlements; sourceTree = "<group>"; };
		B5E3D4D329C000FC007EFD8D /* Color.swift */ = {isa = PBXFileReference; lastKnownFileType = sourcecode.swift; path = Color.swift; sourceTree = "<group>"; };
		B5E9AB3329C27AC300A3CAC6 /* SessionManager.swift */ = {isa = PBXFileReference; lastKnownFileType = sourcecode.swift; path = SessionManager.swift; sourceTree = "<group>"; };
		B5E9AB3729C27D3800A3CAC6 /* SessionModel.swift */ = {isa = PBXFileReference; lastKnownFileType = sourcecode.swift; path = SessionModel.swift; sourceTree = "<group>"; };
		B5E9AB3B29C2871300A3CAC6 /* AuthService.swift */ = {isa = PBXFileReference; lastKnownFileType = sourcecode.swift; path = AuthService.swift; sourceTree = "<group>"; };
		B5E9AB3E29C2899800A3CAC6 /* LoginView.swift */ = {isa = PBXFileReference; lastKnownFileType = sourcecode.swift; path = LoginView.swift; sourceTree = "<group>"; };
		B5E9AB4129C28B9400A3CAC6 /* AuthenticationNavigationView.swift */ = {isa = PBXFileReference; lastKnownFileType = sourcecode.swift; path = AuthenticationNavigationView.swift; sourceTree = "<group>"; };
		B5E9AB4429C28C1200A3CAC6 /* AuthenticationNavigationViewModel.swift */ = {isa = PBXFileReference; lastKnownFileType = sourcecode.swift; path = AuthenticationNavigationViewModel.swift; sourceTree = "<group>"; };
		B5E9AB4629C28D3700A3CAC6 /* VerifyView.swift */ = {isa = PBXFileReference; lastKnownFileType = sourcecode.swift; path = VerifyView.swift; sourceTree = "<group>"; };
		B5E9AB4B29C2951B00A3CAC6 /* KeychainManager.swift */ = {isa = PBXFileReference; lastKnownFileType = sourcecode.swift; path = KeychainManager.swift; sourceTree = "<group>"; };
		B5E9AB4E29C297C600A3CAC6 /* CameraView.swift */ = {isa = PBXFileReference; lastKnownFileType = sourcecode.swift; path = CameraView.swift; sourceTree = "<group>"; };
		B5E9AB5129C2997D00A3CAC6 /* MainNavigation.swift */ = {isa = PBXFileReference; lastKnownFileType = sourcecode.swift; path = MainNavigation.swift; sourceTree = "<group>"; };
		B5E9AB5329C29ACD00A3CAC6 /* ProfileView.swift */ = {isa = PBXFileReference; lastKnownFileType = sourcecode.swift; path = ProfileView.swift; sourceTree = "<group>"; };
		B5E9AB5529C29AD700A3CAC6 /* MessagesView.swift */ = {isa = PBXFileReference; lastKnownFileType = sourcecode.swift; path = MessagesView.swift; sourceTree = "<group>"; };
		B5E9AB5729C2A39200A3CAC6 /* SetupName.swift */ = {isa = PBXFileReference; lastKnownFileType = sourcecode.swift; path = SetupName.swift; sourceTree = "<group>"; };
		B5E9AB6229C3A9FA00A3CAC6 /* ProfileViewModel.swift */ = {isa = PBXFileReference; lastKnownFileType = sourcecode.swift; path = ProfileViewModel.swift; sourceTree = "<group>"; };
		B5E9AB6629C3BE4200A3CAC6 /* UserModel.swift */ = {isa = PBXFileReference; lastKnownFileType = sourcecode.swift; path = UserModel.swift; sourceTree = "<group>"; };
		B5E9AB6829C3C22200A3CAC6 /* VerifyViewModel.swift */ = {isa = PBXFileReference; lastKnownFileType = sourcecode.swift; path = VerifyViewModel.swift; sourceTree = "<group>"; };
		B5E9AB6B29C3E4EC00A3CAC6 /* UserManager.swift */ = {isa = PBXFileReference; lastKnownFileType = sourcecode.swift; path = UserManager.swift; sourceTree = "<group>"; };
		B5E9AB6D29C5566600A3CAC6 /* AuthManager.swift */ = {isa = PBXFileReference; lastKnownFileType = sourcecode.swift; path = AuthManager.swift; sourceTree = "<group>"; };
		B5EAA25229C6337F0090D37B /* MockAuthManager.swift */ = {isa = PBXFileReference; lastKnownFileType = sourcecode.swift; path = MockAuthManager.swift; sourceTree = "<group>"; };
		B5EAA25629C63B330090D37B /* CameraPreviewView.swift */ = {isa = PBXFileReference; lastKnownFileType = sourcecode.swift; path = CameraPreviewView.swift; sourceTree = "<group>"; };
/* End PBXFileReference section */

/* Begin PBXFrameworksBuildPhase section */
		B5975D9729BAACED00716C1F /* Frameworks */ = {
			isa = PBXFrameworksBuildPhase;
			buildActionMask = 2147483647;
			files = (
				B58D493A29CF675700B39430 /* AIAEC in Frameworks */,
				B58D494229CF675700B39430 /* ContentInspect in Frameworks */,
				B58D494E29CF675700B39430 /* VQA in Frameworks */,
				B58D494A29CF675700B39430 /* RtcBasic in Frameworks */,
				B58D494629CF675700B39430 /* FaceDetection in Frameworks */,
				B58D495029CF675700B39430 /* VirtualBackground in Frameworks */,
				B5501F0F29C651080024EB94 /* PathPresenter in Frameworks */,
				B5468D2529C7DE360003311B /* BottomSheet in Frameworks */,
				B58D493C29CF675700B39430 /* AINS in Frameworks */,
				B5E9AB4A29C2951000A3CAC6 /* KeychainSwift in Frameworks */,
				B58D494429CF675700B39430 /* DRM in Frameworks */,
				B58D494029CF675700B39430 /* ClearVision in Frameworks */,
				B545917729BAD11E0060CD48 /* Supabase in Frameworks */,
			);
			runOnlyForDeploymentPostprocessing = 0;
		};
		B5975DA729BAACEE00716C1F /* Frameworks */ = {
			isa = PBXFrameworksBuildPhase;
			buildActionMask = 2147483647;
			files = (
			);
			runOnlyForDeploymentPostprocessing = 0;
		};
		B5975DB129BAACEE00716C1F /* Frameworks */ = {
			isa = PBXFrameworksBuildPhase;
			buildActionMask = 2147483647;
			files = (
			);
			runOnlyForDeploymentPostprocessing = 0;
		};
		B5975DC829BAAD0500716C1F /* Frameworks */ = {
			isa = PBXFrameworksBuildPhase;
			buildActionMask = 2147483647;
			files = (
				B5975DD029BAAD0500716C1F /* SwiftUI.framework in Frameworks */,
			);
			runOnlyForDeploymentPostprocessing = 0;
		};
/* End PBXFrameworksBuildPhase section */

/* Begin PBXGroup section */
		B545917829BAD19C0060CD48 /* Managers */ = {
			isa = PBXGroup;
			children = (
				B5E9AB3329C27AC300A3CAC6 /* SessionManager.swift */,
				B5E9AB4B29C2951B00A3CAC6 /* KeychainManager.swift */,
				B5E9AB6B29C3E4EC00A3CAC6 /* UserManager.swift */,
				B5E9AB6D29C5566600A3CAC6 /* AuthManager.swift */,
				B58D495529CFD74900B39430 /* CallManager.swift */,
			);
			path = Managers;
			sourceTree = "<group>";
		};
		B5975D9129BAACED00716C1F = {
			isa = PBXGroup;
			children = (
				B5975D9C29BAACED00716C1F /* blink */,
				B5975DAD29BAACEE00716C1F /* blinkTests */,
				B5975DB729BAACEE00716C1F /* blinkUITests */,
				B5975DCC29BAAD0500716C1F /* Frameworks */,
				B5975D9B29BAACED00716C1F /* Products */,
			);
			sourceTree = "<group>";
		};
		B5975D9B29BAACED00716C1F /* Products */ = {
			isa = PBXGroup;
			children = (
				B5975D9A29BAACED00716C1F /* blink.app */,
				B5975DAA29BAACEE00716C1F /* blinkTests.xctest */,
				B5975DB429BAACEE00716C1F /* blinkUITests.xctest */,
				B5975DCB29BAAD0500716C1F /* blinksExtension.appex */,
			);
			name = Products;
			sourceTree = "<group>";
		};
		B5975D9C29BAACED00716C1F /* blink */ = {
			isa = PBXGroup;
			children = (
				B58D495729CFDAF000B39430 /* Info.plist */,
				B5E9AB4329C28C0500A3CAC6 /* ViewModels */,
				B5E9AB3D29C2898E00A3CAC6 /* Views */,
				B5E9AB3A29C2870900A3CAC6 /* Services */,
				B5E9AB3629C27D2E00A3CAC6 /* Models */,
				B5E3D4D229C000F0007EFD8D /* Extensions */,
				B5E34D3529BFE197009B872C /* blink.entitlements */,
				B545917829BAD19C0060CD48 /* Managers */,
				B5975D9D29BAACED00716C1F /* BlinkApp.swift */,
				B58D495829D0ACF700B39430 /* BlinkAppDelegate.swift */,
				B5975D9F29BAACED00716C1F /* AppView.swift */,
				B5975DA129BAACEE00716C1F /* Assets.xcassets */,
				B5975DA329BAACEE00716C1F /* Preview Content */,
			);
			path = blink;
			sourceTree = "<group>";
		};
		B5975DA329BAACEE00716C1F /* Preview Content */ = {
			isa = PBXGroup;
			children = (
				B5EAA25129C6324F0090D37B /* Managers */,
				B5975DA429BAACEE00716C1F /* Preview Assets.xcassets */,
			);
			path = "Preview Content";
			sourceTree = "<group>";
		};
		B5975DAD29BAACEE00716C1F /* blinkTests */ = {
			isa = PBXGroup;
			children = (
				B5975DAE29BAACEE00716C1F /* blinkTests.swift */,
			);
			path = blinkTests;
			sourceTree = "<group>";
		};
		B5975DB729BAACEE00716C1F /* blinkUITests */ = {
			isa = PBXGroup;
			children = (
				B5975DB829BAACEE00716C1F /* blinkUITests.swift */,
				B5975DBA29BAACEE00716C1F /* blinkUITestsLaunchTests.swift */,
			);
			path = blinkUITests;
			sourceTree = "<group>";
		};
		B5975DCC29BAAD0500716C1F /* Frameworks */ = {
			isa = PBXGroup;
			children = (
				B5975DCF29BAAD0500716C1F /* SwiftUI.framework */,
			);
			name = Frameworks;
			sourceTree = "<group>";
		};
		B5E3D4D229C000F0007EFD8D /* Extensions */ = {
			isa = PBXGroup;
			children = (
				B5E3D4D329C000FC007EFD8D /* Color.swift */,
				B5501F2229C7ACBB0024EB94 /* Date.swift */,
				B5501F2629C7D3E50024EB94 /* Text.swift */,
				B5468D2B29C7FB1A0003311B /* Button.swift */,
			);
			path = Extensions;
			sourceTree = "<group>";
		};
		B5E9AB3629C27D2E00A3CAC6 /* Models */ = {
			isa = PBXGroup;
			children = (
				B5E9AB3729C27D3800A3CAC6 /* SessionModel.swift */,
				B5E9AB6629C3BE4200A3CAC6 /* UserModel.swift */,
			);
			path = Models;
			sourceTree = "<group>";
		};
		B5E9AB3A29C2870900A3CAC6 /* Services */ = {
			isa = PBXGroup;
			children = (
				B5501F2029C794E00024EB94 /* UserService.swift */,
				B5E9AB3B29C2871300A3CAC6 /* AuthService.swift */,
				B5501F1E29C792AA0024EB94 /* PhotoService.swift */,
				B58D495A29D0B11500B39430 /* TestService.swift */,
				B58D495C29D0B57500B39430 /* NetworkService.swift */,
			);
			path = Services;
			sourceTree = "<group>";
		};
		B5E9AB3D29C2898E00A3CAC6 /* Views */ = {
			isa = PBXGroup;
			children = (
				B5E9AB4D29C296EE00A3CAC6 /* Main */,
				B5E9AB4029C28B8400A3CAC6 /* Authentication */,
			);
			path = Views;
			sourceTree = "<group>";
		};
		B5E9AB4029C28B8400A3CAC6 /* Authentication */ = {
			isa = PBXGroup;
			children = (
				B5E9AB3E29C2899800A3CAC6 /* LoginView.swift */,
				B5E9AB4129C28B9400A3CAC6 /* AuthenticationNavigationView.swift */,
				B5E9AB4629C28D3700A3CAC6 /* VerifyView.swift */,
				B5E9AB5729C2A39200A3CAC6 /* SetupName.swift */,
				B5468D2F29C8002C0003311B /* LandingView.swift */,
			);
			path = Authentication;
			sourceTree = "<group>";
		};
		B5E9AB4329C28C0500A3CAC6 /* ViewModels */ = {
			isa = PBXGroup;
			children = (
				B5E9AB4429C28C1200A3CAC6 /* AuthenticationNavigationViewModel.swift */,
				B5E9AB6229C3A9FA00A3CAC6 /* ProfileViewModel.swift */,
				B5E9AB6829C3C22200A3CAC6 /* VerifyViewModel.swift */,
				B5501F1029C69E4B0024EB94 /* CameraPreviewViewModel.swift */,
				B5468D2729C7F01D0003311B /* FriendShareViewModel.swift */,
				B5468D2929C7F4DC0003311B /* LoginViewModel.swift */,
				B5468D3329C81C3D0003311B /* VerifyCodeViewModel.swift */,
				B58D492D29CC036D00B39430 /* SetupNameViewModel.swift */,
			);
			path = ViewModels;
			sourceTree = "<group>";
		};
		B5E9AB4D29C296EE00A3CAC6 /* Main */ = {
			isa = PBXGroup;
			children = (
				B5EAA25429C63AED0090D37B /* CameraView */,
				B5E9AB5129C2997D00A3CAC6 /* MainNavigation.swift */,
				B5E9AB5329C29ACD00A3CAC6 /* ProfileView.swift */,
				B5E9AB5529C29AD700A3CAC6 /* MessagesView.swift */,
			);
			path = Main;
			sourceTree = "<group>";
		};
		B5EAA25129C6324F0090D37B /* Managers */ = {
			isa = PBXGroup;
			children = (
				B5EAA25229C6337F0090D37B /* MockAuthManager.swift */,
			);
			path = Managers;
			sourceTree = "<group>";
		};
		B5EAA25429C63AED0090D37B /* CameraView */ = {
			isa = PBXGroup;
			children = (
				B5EAA25529C63B2A0090D37B /* Views */,
				B5E9AB4E29C297C600A3CAC6 /* CameraView.swift */,
			);
			path = CameraView;
			sourceTree = "<group>";
		};
		B5EAA25529C63B2A0090D37B /* Views */ = {
			isa = PBXGroup;
			children = (
				B5EAA25629C63B330090D37B /* CameraPreviewView.swift */,
				B5501F0B29C63F860024EB94 /* CameraControlsView.swift */,
				B5501F1A29C77D9B0024EB94 /* CameraPreviewUIView.swift */,
				B5501F1C29C791D20024EB94 /* CapturedPhotoControlsView.swift */,
				B5501F2429C7C0900024EB94 /* FriendShareView.swift */,
				B58D495329CF738800B39430 /* AgoraView.swift */,
			);
			path = Views;
			sourceTree = "<group>";
		};
/* End PBXGroup section */

/* Begin PBXNativeTarget section */
		B5975D9929BAACED00716C1F /* blink */ = {
			isa = PBXNativeTarget;
			buildConfigurationList = B5975DBE29BAACEE00716C1F /* Build configuration list for PBXNativeTarget "blink" */;
			buildPhases = (
				B5975D9629BAACED00716C1F /* Sources */,
				B5975D9729BAACED00716C1F /* Frameworks */,
				B5975D9829BAACED00716C1F /* Resources */,
				B5975DE429BAAD0600716C1F /* Embed Foundation Extensions */,
			);
			buildRules = (
			);
			dependencies = (
				B5975DDF29BAAD0600716C1F /* PBXTargetDependency */,
			);
			name = blink;
			packageProductDependencies = (
				B545917629BAD11E0060CD48 /* Supabase */,
				B5E9AB4929C2951000A3CAC6 /* KeychainSwift */,
				B5501F0E29C651080024EB94 /* PathPresenter */,
				B5468D2429C7DE360003311B /* BottomSheet */,
				B58D493929CF675700B39430 /* AIAEC */,
				B58D493B29CF675700B39430 /* AINS */,
				B58D493F29CF675700B39430 /* ClearVision */,
				B58D494129CF675700B39430 /* ContentInspect */,
				B58D494329CF675700B39430 /* DRM */,
				B58D494529CF675700B39430 /* FaceDetection */,
				B58D494929CF675700B39430 /* RtcBasic */,
				B58D494D29CF675700B39430 /* VQA */,
				B58D494F29CF675700B39430 /* VirtualBackground */,
			);
			productName = blink;
			productReference = B5975D9A29BAACED00716C1F /* blink.app */;
			productType = "com.apple.product-type.application";
		};
		B5975DA929BAACEE00716C1F /* blinkTests */ = {
			isa = PBXNativeTarget;
			buildConfigurationList = B5975DC129BAACEE00716C1F /* Build configuration list for PBXNativeTarget "blinkTests" */;
			buildPhases = (
				B5975DA629BAACEE00716C1F /* Sources */,
				B5975DA729BAACEE00716C1F /* Frameworks */,
				B5975DA829BAACEE00716C1F /* Resources */,
			);
			buildRules = (
			);
			dependencies = (
				B5975DAC29BAACEE00716C1F /* PBXTargetDependency */,
			);
			name = blinkTests;
			productName = blinkTests;
			productReference = B5975DAA29BAACEE00716C1F /* blinkTests.xctest */;
			productType = "com.apple.product-type.bundle.unit-test";
		};
		B5975DB329BAACEE00716C1F /* blinkUITests */ = {
			isa = PBXNativeTarget;
			buildConfigurationList = B5975DC429BAACEE00716C1F /* Build configuration list for PBXNativeTarget "blinkUITests" */;
			buildPhases = (
				B5975DB029BAACEE00716C1F /* Sources */,
				B5975DB129BAACEE00716C1F /* Frameworks */,
				B5975DB229BAACEE00716C1F /* Resources */,
			);
			buildRules = (
			);
			dependencies = (
				B5975DB629BAACEE00716C1F /* PBXTargetDependency */,
			);
			name = blinkUITests;
			productName = blinkUITests;
			productReference = B5975DB429BAACEE00716C1F /* blinkUITests.xctest */;
			productType = "com.apple.product-type.bundle.ui-testing";
		};
		B5975DCA29BAAD0500716C1F /* blinksExtension */ = {
			isa = PBXNativeTarget;
			buildConfigurationList = B5975DE129BAAD0600716C1F /* Build configuration list for PBXNativeTarget "blinksExtension" */;
			buildPhases = (
				B5975DC729BAAD0500716C1F /* Sources */,
				B5975DC829BAAD0500716C1F /* Frameworks */,
				B5975DC929BAAD0500716C1F /* Resources */,
			);
			buildRules = (
			);
			dependencies = (
			);
			name = blinksExtension;
			productName = blinksExtension;
			productReference = B5975DCB29BAAD0500716C1F /* blinksExtension.appex */;
			productType = "com.apple.product-type.app-extension";
		};
/* End PBXNativeTarget section */

/* Begin PBXProject section */
		B5975D9229BAACED00716C1F /* Project object */ = {
			isa = PBXProject;
			attributes = {
				BuildIndependentTargetsInParallel = 1;
				LastSwiftUpdateCheck = 1420;
				LastUpgradeCheck = 1420;
				TargetAttributes = {
					B5975D9929BAACED00716C1F = {
						CreatedOnToolsVersion = 14.2;
					};
					B5975DA929BAACEE00716C1F = {
						CreatedOnToolsVersion = 14.2;
						TestTargetID = B5975D9929BAACED00716C1F;
					};
					B5975DB329BAACEE00716C1F = {
						CreatedOnToolsVersion = 14.2;
						TestTargetID = B5975D9929BAACED00716C1F;
					};
					B5975DCA29BAAD0500716C1F = {
						CreatedOnToolsVersion = 14.2;
					};
				};
			};
			buildConfigurationList = B5975D9529BAACED00716C1F /* Build configuration list for PBXProject "blink" */;
			compatibilityVersion = "Xcode 14.0";
			developmentRegion = en;
			hasScannedForEncodings = 0;
			knownRegions = (
				en,
				Base,
			);
			mainGroup = B5975D9129BAACED00716C1F;
			packageReferences = (
				B545917529BAD11E0060CD48 /* XCRemoteSwiftPackageReference "supabase-swift" */,
				B5E9AB4829C2951000A3CAC6 /* XCRemoteSwiftPackageReference "keychain-swift" */,
				B5501F0D29C651080024EB94 /* XCRemoteSwiftPackageReference "PathPresenter" */,
				B5468D2329C7DE360003311B /* XCRemoteSwiftPackageReference "BottomSheet" */,
				B58D493829CF675600B39430 /* XCRemoteSwiftPackageReference "AgoraRtcEngine_iOS" */,
			);
			productRefGroup = B5975D9B29BAACED00716C1F /* Products */;
			projectDirPath = "";
			projectRoot = "";
			targets = (
				B5975D9929BAACED00716C1F /* blink */,
				B5975DA929BAACEE00716C1F /* blinkTests */,
				B5975DB329BAACEE00716C1F /* blinkUITests */,
				B5975DCA29BAAD0500716C1F /* blinksExtension */,
			);
		};
/* End PBXProject section */

/* Begin PBXResourcesBuildPhase section */
		B5975D9829BAACED00716C1F /* Resources */ = {
			isa = PBXResourcesBuildPhase;
			buildActionMask = 2147483647;
			files = (
				B5975DA529BAACEE00716C1F /* Preview Assets.xcassets in Resources */,
				B5975DA229BAACEE00716C1F /* Assets.xcassets in Resources */,
			);
			runOnlyForDeploymentPostprocessing = 0;
		};
		B5975DA829BAACEE00716C1F /* Resources */ = {
			isa = PBXResourcesBuildPhase;
			buildActionMask = 2147483647;
			files = (
			);
			runOnlyForDeploymentPostprocessing = 0;
		};
		B5975DB229BAACEE00716C1F /* Resources */ = {
			isa = PBXResourcesBuildPhase;
			buildActionMask = 2147483647;
			files = (
			);
			runOnlyForDeploymentPostprocessing = 0;
		};
		B5975DC929BAAD0500716C1F /* Resources */ = {
			isa = PBXResourcesBuildPhase;
			buildActionMask = 2147483647;
			files = (
			);
			runOnlyForDeploymentPostprocessing = 0;
		};
/* End PBXResourcesBuildPhase section */

/* Begin PBXSourcesBuildPhase section */
		B5975D9629BAACED00716C1F /* Sources */ = {
			isa = PBXSourcesBuildPhase;
			buildActionMask = 2147483647;
			files = (
				B5501F2529C7C0900024EB94 /* FriendShareView.swift in Sources */,
				B5501F1B29C77D9B0024EB94 /* CameraPreviewUIView.swift in Sources */,
				B5EAA25729C63B330090D37B /* CameraPreviewView.swift in Sources */,
				B58D495629CFD74900B39430 /* CallManager.swift in Sources */,
				B5E9AB4C29C2951B00A3CAC6 /* KeychainManager.swift in Sources */,
				B5501F2329C7ACBB0024EB94 /* Date.swift in Sources */,
				B5EAA25329C6337F0090D37B /* MockAuthManager.swift in Sources */,
				B5468D2C29C7FB1A0003311B /* Button.swift in Sources */,
				B5E9AB6E29C5566600A3CAC6 /* AuthManager.swift in Sources */,
				B5E9AB6729C3BE4200A3CAC6 /* UserModel.swift in Sources */,
				B58D495929D0ACF700B39430 /* BlinkAppDelegate.swift in Sources */,
				B58D492E29CC036D00B39430 /* SetupNameViewModel.swift in Sources */,
				B5468D2A29C7F4DC0003311B /* LoginViewModel.swift in Sources */,
				B5501F0C29C63F860024EB94 /* CameraControlsView.swift in Sources */,
				B5E9AB4F29C297C600A3CAC6 /* CameraView.swift in Sources */,
				B5468D2829C7F01D0003311B /* FriendShareViewModel.swift in Sources */,
				B58D495D29D0B57500B39430 /* NetworkService.swift in Sources */,
				B5E9AB5629C29AD700A3CAC6 /* MessagesView.swift in Sources */,
				B5975DA029BAACED00716C1F /* AppView.swift in Sources */,
				B5E9AB3829C27D3800A3CAC6 /* SessionModel.swift in Sources */,
				B5E9AB6C29C3E4EC00A3CAC6 /* UserManager.swift in Sources */,
				B58D495B29D0B11500B39430 /* TestService.swift in Sources */,
				B5501F2129C794E00024EB94 /* UserService.swift in Sources */,
				B5E9AB4729C28D3700A3CAC6 /* VerifyView.swift in Sources */,
				B5E9AB3F29C2899800A3CAC6 /* LoginView.swift in Sources */,
				B5501F1129C69E4B0024EB94 /* CameraPreviewViewModel.swift in Sources */,
				B58D495429CF738800B39430 /* AgoraView.swift in Sources */,
				B5975D9E29BAACED00716C1F /* BlinkApp.swift in Sources */,
				B5E9AB5429C29ACD00A3CAC6 /* ProfileView.swift in Sources */,
				B5468D3029C8002C0003311B /* LandingView.swift in Sources */,
				B5E9AB4529C28C1200A3CAC6 /* AuthenticationNavigationViewModel.swift in Sources */,
				B5E9AB5229C2997D00A3CAC6 /* MainNavigation.swift in Sources */,
				B5E9AB5829C2A39200A3CAC6 /* SetupName.swift in Sources */,
				B5E9AB6329C3A9FA00A3CAC6 /* ProfileViewModel.swift in Sources */,
				B5E9AB3429C27AC300A3CAC6 /* SessionManager.swift in Sources */,
				B5E9AB3C29C2871300A3CAC6 /* AuthService.swift in Sources */,
				B5E3D4D429C000FC007EFD8D /* Color.swift in Sources */,
				B5501F2729C7D3E50024EB94 /* Text.swift in Sources */,
				B5501F1F29C792AB0024EB94 /* PhotoService.swift in Sources */,
				B5E9AB6929C3C22200A3CAC6 /* VerifyViewModel.swift in Sources */,
				B5E9AB4229C28B9400A3CAC6 /* AuthenticationNavigationView.swift in Sources */,
				B5468D3429C81C3D0003311B /* VerifyCodeViewModel.swift in Sources */,
				B5501F1D29C791D20024EB94 /* CapturedPhotoControlsView.swift in Sources */,
			);
			runOnlyForDeploymentPostprocessing = 0;
		};
		B5975DA629BAACEE00716C1F /* Sources */ = {
			isa = PBXSourcesBuildPhase;
			buildActionMask = 2147483647;
			files = (
				B5975DAF29BAACEE00716C1F /* blinkTests.swift in Sources */,
			);
			runOnlyForDeploymentPostprocessing = 0;
		};
		B5975DB029BAACEE00716C1F /* Sources */ = {
			isa = PBXSourcesBuildPhase;
			buildActionMask = 2147483647;
			files = (
				B5975DB929BAACEE00716C1F /* blinkUITests.swift in Sources */,
				B5975DBB29BAACEE00716C1F /* blinkUITestsLaunchTests.swift in Sources */,
			);
			runOnlyForDeploymentPostprocessing = 0;
		};
		B5975DC729BAAD0500716C1F /* Sources */ = {
			isa = PBXSourcesBuildPhase;
			buildActionMask = 2147483647;
			files = (
			);
			runOnlyForDeploymentPostprocessing = 0;
		};
/* End PBXSourcesBuildPhase section */

/* Begin PBXTargetDependency section */
		B5975DAC29BAACEE00716C1F /* PBXTargetDependency */ = {
			isa = PBXTargetDependency;
			target = B5975D9929BAACED00716C1F /* blink */;
			targetProxy = B5975DAB29BAACEE00716C1F /* PBXContainerItemProxy */;
		};
		B5975DB629BAACEE00716C1F /* PBXTargetDependency */ = {
			isa = PBXTargetDependency;
			target = B5975D9929BAACED00716C1F /* blink */;
			targetProxy = B5975DB529BAACEE00716C1F /* PBXContainerItemProxy */;
		};
		B5975DDF29BAAD0600716C1F /* PBXTargetDependency */ = {
			isa = PBXTargetDependency;
			target = B5975DCA29BAAD0500716C1F /* blinksExtension */;
			targetProxy = B5975DDE29BAAD0600716C1F /* PBXContainerItemProxy */;
		};
/* End PBXTargetDependency section */

/* Begin XCBuildConfiguration section */
		B5975DBC29BAACEE00716C1F /* Debug */ = {
			isa = XCBuildConfiguration;
			buildSettings = {
				ALWAYS_SEARCH_USER_PATHS = NO;
				CLANG_ANALYZER_NONNULL = YES;
				CLANG_ANALYZER_NUMBER_OBJECT_CONVERSION = YES_AGGRESSIVE;
				CLANG_CXX_LANGUAGE_STANDARD = "gnu++20";
				CLANG_ENABLE_MODULES = YES;
				CLANG_ENABLE_OBJC_ARC = YES;
				CLANG_ENABLE_OBJC_WEAK = YES;
				CLANG_WARN_BLOCK_CAPTURE_AUTORELEASING = YES;
				CLANG_WARN_BOOL_CONVERSION = YES;
				CLANG_WARN_COMMA = YES;
				CLANG_WARN_CONSTANT_CONVERSION = YES;
				CLANG_WARN_DEPRECATED_OBJC_IMPLEMENTATIONS = YES;
				CLANG_WARN_DIRECT_OBJC_ISA_USAGE = YES_ERROR;
				CLANG_WARN_DOCUMENTATION_COMMENTS = YES;
				CLANG_WARN_EMPTY_BODY = YES;
				CLANG_WARN_ENUM_CONVERSION = YES;
				CLANG_WARN_INFINITE_RECURSION = YES;
				CLANG_WARN_INT_CONVERSION = YES;
				CLANG_WARN_NON_LITERAL_NULL_CONVERSION = YES;
				CLANG_WARN_OBJC_IMPLICIT_RETAIN_SELF = YES;
				CLANG_WARN_OBJC_LITERAL_CONVERSION = YES;
				CLANG_WARN_OBJC_ROOT_CLASS = YES_ERROR;
				CLANG_WARN_QUOTED_INCLUDE_IN_FRAMEWORK_HEADER = YES;
				CLANG_WARN_RANGE_LOOP_ANALYSIS = YES;
				CLANG_WARN_STRICT_PROTOTYPES = YES;
				CLANG_WARN_SUSPICIOUS_MOVE = YES;
				CLANG_WARN_UNGUARDED_AVAILABILITY = YES_AGGRESSIVE;
				CLANG_WARN_UNREACHABLE_CODE = YES;
				CLANG_WARN__DUPLICATE_METHOD_MATCH = YES;
				COPY_PHASE_STRIP = NO;
				DEBUG_INFORMATION_FORMAT = dwarf;
				ENABLE_STRICT_OBJC_MSGSEND = YES;
				ENABLE_TESTABILITY = YES;
				GCC_C_LANGUAGE_STANDARD = gnu11;
				GCC_DYNAMIC_NO_PIC = NO;
				GCC_NO_COMMON_BLOCKS = YES;
				GCC_OPTIMIZATION_LEVEL = 0;
				GCC_PREPROCESSOR_DEFINITIONS = (
					"DEBUG=1",
					"$(inherited)",
				);
				GCC_WARN_64_TO_32_BIT_CONVERSION = YES;
				GCC_WARN_ABOUT_RETURN_TYPE = YES_ERROR;
				GCC_WARN_UNDECLARED_SELECTOR = YES;
				GCC_WARN_UNINITIALIZED_AUTOS = YES_AGGRESSIVE;
				GCC_WARN_UNUSED_FUNCTION = YES;
				GCC_WARN_UNUSED_VARIABLE = YES;
				IPHONEOS_DEPLOYMENT_TARGET = 16.2;
				MTL_ENABLE_DEBUG_INFO = INCLUDE_SOURCE;
				MTL_FAST_MATH = YES;
				ONLY_ACTIVE_ARCH = YES;
				SDKROOT = iphoneos;
				SWIFT_ACTIVE_COMPILATION_CONDITIONS = DEBUG;
				SWIFT_OPTIMIZATION_LEVEL = "-Onone";
			};
			name = Debug;
		};
		B5975DBD29BAACEE00716C1F /* Release */ = {
			isa = XCBuildConfiguration;
			buildSettings = {
				ALWAYS_SEARCH_USER_PATHS = NO;
				CLANG_ANALYZER_NONNULL = YES;
				CLANG_ANALYZER_NUMBER_OBJECT_CONVERSION = YES_AGGRESSIVE;
				CLANG_CXX_LANGUAGE_STANDARD = "gnu++20";
				CLANG_ENABLE_MODULES = YES;
				CLANG_ENABLE_OBJC_ARC = YES;
				CLANG_ENABLE_OBJC_WEAK = YES;
				CLANG_WARN_BLOCK_CAPTURE_AUTORELEASING = YES;
				CLANG_WARN_BOOL_CONVERSION = YES;
				CLANG_WARN_COMMA = YES;
				CLANG_WARN_CONSTANT_CONVERSION = YES;
				CLANG_WARN_DEPRECATED_OBJC_IMPLEMENTATIONS = YES;
				CLANG_WARN_DIRECT_OBJC_ISA_USAGE = YES_ERROR;
				CLANG_WARN_DOCUMENTATION_COMMENTS = YES;
				CLANG_WARN_EMPTY_BODY = YES;
				CLANG_WARN_ENUM_CONVERSION = YES;
				CLANG_WARN_INFINITE_RECURSION = YES;
				CLANG_WARN_INT_CONVERSION = YES;
				CLANG_WARN_NON_LITERAL_NULL_CONVERSION = YES;
				CLANG_WARN_OBJC_IMPLICIT_RETAIN_SELF = YES;
				CLANG_WARN_OBJC_LITERAL_CONVERSION = YES;
				CLANG_WARN_OBJC_ROOT_CLASS = YES_ERROR;
				CLANG_WARN_QUOTED_INCLUDE_IN_FRAMEWORK_HEADER = YES;
				CLANG_WARN_RANGE_LOOP_ANALYSIS = YES;
				CLANG_WARN_STRICT_PROTOTYPES = YES;
				CLANG_WARN_SUSPICIOUS_MOVE = YES;
				CLANG_WARN_UNGUARDED_AVAILABILITY = YES_AGGRESSIVE;
				CLANG_WARN_UNREACHABLE_CODE = YES;
				CLANG_WARN__DUPLICATE_METHOD_MATCH = YES;
				COPY_PHASE_STRIP = NO;
				DEBUG_INFORMATION_FORMAT = "dwarf-with-dsym";
				ENABLE_NS_ASSERTIONS = NO;
				ENABLE_STRICT_OBJC_MSGSEND = YES;
				GCC_C_LANGUAGE_STANDARD = gnu11;
				GCC_NO_COMMON_BLOCKS = YES;
				GCC_WARN_64_TO_32_BIT_CONVERSION = YES;
				GCC_WARN_ABOUT_RETURN_TYPE = YES_ERROR;
				GCC_WARN_UNDECLARED_SELECTOR = YES;
				GCC_WARN_UNINITIALIZED_AUTOS = YES_AGGRESSIVE;
				GCC_WARN_UNUSED_FUNCTION = YES;
				GCC_WARN_UNUSED_VARIABLE = YES;
				IPHONEOS_DEPLOYMENT_TARGET = 16.2;
				MTL_ENABLE_DEBUG_INFO = NO;
				MTL_FAST_MATH = YES;
				SDKROOT = iphoneos;
				SWIFT_COMPILATION_MODE = wholemodule;
				SWIFT_OPTIMIZATION_LEVEL = "-O";
				VALIDATE_PRODUCT = YES;
			};
			name = Release;
		};
		B5975DBF29BAACEE00716C1F /* Debug */ = {
			isa = XCBuildConfiguration;
			buildSettings = {
				ASSETCATALOG_COMPILER_APPICON_NAME = AppIcon;
				ASSETCATALOG_COMPILER_GLOBAL_ACCENT_COLOR_NAME = AccentColor;
				CODE_SIGN_ENTITLEMENTS = blink/blink.entitlements;
				CODE_SIGN_STYLE = Automatic;
				CURRENT_PROJECT_VERSION = 1;
				DEVELOPMENT_ASSET_PATHS = "";
				DEVELOPMENT_TEAM = 4J6D7M7D79;
				ENABLE_PREVIEWS = YES;
				GENERATE_INFOPLIST_FILE = YES;
				INFOPLIST_FILE = blink/Info.plist;
				INFOPLIST_KEY_LSApplicationCategoryType = "public.app-category.social-networking";
				INFOPLIST_KEY_NSCameraUsageDescription = "";
				INFOPLIST_KEY_NSMicrophoneUsageDescription = "";
				INFOPLIST_KEY_UIApplicationSceneManifest_Generation = YES;
				INFOPLIST_KEY_UIApplicationSupportsIndirectInputEvents = YES;
				INFOPLIST_KEY_UILaunchScreen_Generation = YES;
				INFOPLIST_KEY_UISupportedInterfaceOrientations_iPad = "UIInterfaceOrientationPortrait UIInterfaceOrientationPortraitUpsideDown UIInterfaceOrientationLandscapeLeft UIInterfaceOrientationLandscapeRight";
				INFOPLIST_KEY_UISupportedInterfaceOrientations_iPhone = "UIInterfaceOrientationPortrait UIInterfaceOrientationLandscapeLeft UIInterfaceOrientationLandscapeRight";
				LD_RUNPATH_SEARCH_PATHS = (
					"$(inherited)",
					"@executable_path/Frameworks",
				);
				MARKETING_VERSION = 1.0;
				PRODUCT_BUNDLE_IDENTIFIER = com.zenixbyte.blink;
				PRODUCT_NAME = "$(TARGET_NAME)";
				SWIFT_EMIT_LOC_STRINGS = YES;
				SWIFT_VERSION = 5.0;
				TARGETED_DEVICE_FAMILY = "1,2";
			};
			name = Debug;
		};
		B5975DC029BAACEE00716C1F /* Release */ = {
			isa = XCBuildConfiguration;
			buildSettings = {
				ASSETCATALOG_COMPILER_APPICON_NAME = AppIcon;
				ASSETCATALOG_COMPILER_GLOBAL_ACCENT_COLOR_NAME = AccentColor;
				CODE_SIGN_ENTITLEMENTS = blink/blink.entitlements;
				CODE_SIGN_STYLE = Automatic;
				CURRENT_PROJECT_VERSION = 1;
				DEVELOPMENT_ASSET_PATHS = "";
				DEVELOPMENT_TEAM = 4J6D7M7D79;
				ENABLE_PREVIEWS = YES;
				GENERATE_INFOPLIST_FILE = YES;
				INFOPLIST_FILE = blink/Info.plist;
				INFOPLIST_KEY_LSApplicationCategoryType = "public.app-category.social-networking";
				INFOPLIST_KEY_NSCameraUsageDescription = "";
				INFOPLIST_KEY_NSMicrophoneUsageDescription = "";
				INFOPLIST_KEY_UIApplicationSceneManifest_Generation = YES;
				INFOPLIST_KEY_UIApplicationSupportsIndirectInputEvents = YES;
				INFOPLIST_KEY_UILaunchScreen_Generation = YES;
				INFOPLIST_KEY_UISupportedInterfaceOrientations_iPad = "UIInterfaceOrientationPortrait UIInterfaceOrientationPortraitUpsideDown UIInterfaceOrientationLandscapeLeft UIInterfaceOrientationLandscapeRight";
				INFOPLIST_KEY_UISupportedInterfaceOrientations_iPhone = "UIInterfaceOrientationPortrait UIInterfaceOrientationLandscapeLeft UIInterfaceOrientationLandscapeRight";
				LD_RUNPATH_SEARCH_PATHS = (
					"$(inherited)",
					"@executable_path/Frameworks",
				);
				MARKETING_VERSION = 1.0;
				PRODUCT_BUNDLE_IDENTIFIER = com.zenixbyte.blink;
				PRODUCT_NAME = "$(TARGET_NAME)";
				SWIFT_EMIT_LOC_STRINGS = YES;
				SWIFT_VERSION = 5.0;
				TARGETED_DEVICE_FAMILY = "1,2";
			};
			name = Release;
		};
		B5975DC229BAACEE00716C1F /* Debug */ = {
			isa = XCBuildConfiguration;
			buildSettings = {
				ALWAYS_EMBED_SWIFT_STANDARD_LIBRARIES = YES;
				BUNDLE_LOADER = "$(TEST_HOST)";
				CODE_SIGN_STYLE = Automatic;
				CURRENT_PROJECT_VERSION = 1;
				DEVELOPMENT_TEAM = 4J6D7M7D79;
				GENERATE_INFOPLIST_FILE = YES;
				IPHONEOS_DEPLOYMENT_TARGET = 16.2;
				MARKETING_VERSION = 1.0;
				PRODUCT_BUNDLE_IDENTIFIER = com.zenixbyte.blinkTests;
				PRODUCT_NAME = "$(TARGET_NAME)";
				SWIFT_EMIT_LOC_STRINGS = NO;
				SWIFT_VERSION = 5.0;
				TARGETED_DEVICE_FAMILY = "1,2";
				TEST_HOST = "$(BUILT_PRODUCTS_DIR)/blink.app/$(BUNDLE_EXECUTABLE_FOLDER_PATH)/blink";
			};
			name = Debug;
		};
		B5975DC329BAACEE00716C1F /* Release */ = {
			isa = XCBuildConfiguration;
			buildSettings = {
				ALWAYS_EMBED_SWIFT_STANDARD_LIBRARIES = YES;
				BUNDLE_LOADER = "$(TEST_HOST)";
				CODE_SIGN_STYLE = Automatic;
				CURRENT_PROJECT_VERSION = 1;
				DEVELOPMENT_TEAM = 4J6D7M7D79;
				GENERATE_INFOPLIST_FILE = YES;
				IPHONEOS_DEPLOYMENT_TARGET = 16.2;
				MARKETING_VERSION = 1.0;
				PRODUCT_BUNDLE_IDENTIFIER = com.zenixbyte.blinkTests;
				PRODUCT_NAME = "$(TARGET_NAME)";
				SWIFT_EMIT_LOC_STRINGS = NO;
				SWIFT_VERSION = 5.0;
				TARGETED_DEVICE_FAMILY = "1,2";
				TEST_HOST = "$(BUILT_PRODUCTS_DIR)/blink.app/$(BUNDLE_EXECUTABLE_FOLDER_PATH)/blink";
			};
			name = Release;
		};
		B5975DC529BAACEE00716C1F /* Debug */ = {
			isa = XCBuildConfiguration;
			buildSettings = {
				ALWAYS_EMBED_SWIFT_STANDARD_LIBRARIES = YES;
				CODE_SIGN_STYLE = Automatic;
				CURRENT_PROJECT_VERSION = 1;
				DEVELOPMENT_TEAM = 4J6D7M7D79;
				GENERATE_INFOPLIST_FILE = YES;
				MARKETING_VERSION = 1.0;
				PRODUCT_BUNDLE_IDENTIFIER = com.zenixbyte.blinkUITests;
				PRODUCT_NAME = "$(TARGET_NAME)";
				SWIFT_EMIT_LOC_STRINGS = NO;
				SWIFT_VERSION = 5.0;
				TARGETED_DEVICE_FAMILY = "1,2";
				TEST_TARGET_NAME = blink;
			};
			name = Debug;
		};
		B5975DC629BAACEE00716C1F /* Release */ = {
			isa = XCBuildConfiguration;
			buildSettings = {
				ALWAYS_EMBED_SWIFT_STANDARD_LIBRARIES = YES;
				CODE_SIGN_STYLE = Automatic;
				CURRENT_PROJECT_VERSION = 1;
				DEVELOPMENT_TEAM = 4J6D7M7D79;
				GENERATE_INFOPLIST_FILE = YES;
				MARKETING_VERSION = 1.0;
				PRODUCT_BUNDLE_IDENTIFIER = com.zenixbyte.blinkUITests;
				PRODUCT_NAME = "$(TARGET_NAME)";
				SWIFT_EMIT_LOC_STRINGS = NO;
				SWIFT_VERSION = 5.0;
				TARGETED_DEVICE_FAMILY = "1,2";
				TEST_TARGET_NAME = blink;
			};
			name = Release;
		};
		B5975DE229BAAD0600716C1F /* Debug */ = {
			isa = XCBuildConfiguration;
			buildSettings = {
				ASSETCATALOG_COMPILER_GLOBAL_ACCENT_COLOR_NAME = AccentColor;
				ASSETCATALOG_COMPILER_WIDGET_BACKGROUND_COLOR_NAME = WidgetBackground;
				CODE_SIGN_STYLE = Automatic;
				CURRENT_PROJECT_VERSION = 1;
				DEVELOPMENT_TEAM = 4J6D7M7D79;
				GENERATE_INFOPLIST_FILE = YES;
				INFOPLIST_FILE = blinks/Info.plist;
				INFOPLIST_KEY_CFBundleDisplayName = blinks;
				INFOPLIST_KEY_NSHumanReadableCopyright = "";
				LD_RUNPATH_SEARCH_PATHS = (
					"$(inherited)",
					"@executable_path/Frameworks",
					"@executable_path/../../Frameworks",
				);
				MARKETING_VERSION = 1.0;
				PRODUCT_BUNDLE_IDENTIFIER = com.zenixbyte.blink.blinks;
				PRODUCT_NAME = "$(TARGET_NAME)";
				SKIP_INSTALL = YES;
				SWIFT_EMIT_LOC_STRINGS = YES;
				SWIFT_VERSION = 5.0;
				TARGETED_DEVICE_FAMILY = "1,2";
			};
			name = Debug;
		};
		B5975DE329BAAD0600716C1F /* Release */ = {
			isa = XCBuildConfiguration;
			buildSettings = {
				ASSETCATALOG_COMPILER_GLOBAL_ACCENT_COLOR_NAME = AccentColor;
				ASSETCATALOG_COMPILER_WIDGET_BACKGROUND_COLOR_NAME = WidgetBackground;
				CODE_SIGN_STYLE = Automatic;
				CURRENT_PROJECT_VERSION = 1;
				DEVELOPMENT_TEAM = 4J6D7M7D79;
				GENERATE_INFOPLIST_FILE = YES;
				INFOPLIST_FILE = blinks/Info.plist;
				INFOPLIST_KEY_CFBundleDisplayName = blinks;
				INFOPLIST_KEY_NSHumanReadableCopyright = "";
				LD_RUNPATH_SEARCH_PATHS = (
					"$(inherited)",
					"@executable_path/Frameworks",
					"@executable_path/../../Frameworks",
				);
				MARKETING_VERSION = 1.0;
				PRODUCT_BUNDLE_IDENTIFIER = com.zenixbyte.blink.blinks;
				PRODUCT_NAME = "$(TARGET_NAME)";
				SKIP_INSTALL = YES;
				SWIFT_EMIT_LOC_STRINGS = YES;
				SWIFT_VERSION = 5.0;
				TARGETED_DEVICE_FAMILY = "1,2";
			};
			name = Release;
		};
/* End XCBuildConfiguration section */

/* Begin XCConfigurationList section */
		B5975D9529BAACED00716C1F /* Build configuration list for PBXProject "blink" */ = {
			isa = XCConfigurationList;
			buildConfigurations = (
				B5975DBC29BAACEE00716C1F /* Debug */,
				B5975DBD29BAACEE00716C1F /* Release */,
			);
			defaultConfigurationIsVisible = 0;
			defaultConfigurationName = Release;
		};
		B5975DBE29BAACEE00716C1F /* Build configuration list for PBXNativeTarget "blink" */ = {
			isa = XCConfigurationList;
			buildConfigurations = (
				B5975DBF29BAACEE00716C1F /* Debug */,
				B5975DC029BAACEE00716C1F /* Release */,
			);
			defaultConfigurationIsVisible = 0;
			defaultConfigurationName = Release;
		};
		B5975DC129BAACEE00716C1F /* Build configuration list for PBXNativeTarget "blinkTests" */ = {
			isa = XCConfigurationList;
			buildConfigurations = (
				B5975DC229BAACEE00716C1F /* Debug */,
				B5975DC329BAACEE00716C1F /* Release */,
			);
			defaultConfigurationIsVisible = 0;
			defaultConfigurationName = Release;
		};
		B5975DC429BAACEE00716C1F /* Build configuration list for PBXNativeTarget "blinkUITests" */ = {
			isa = XCConfigurationList;
			buildConfigurations = (
				B5975DC529BAACEE00716C1F /* Debug */,
				B5975DC629BAACEE00716C1F /* Release */,
			);
			defaultConfigurationIsVisible = 0;
			defaultConfigurationName = Release;
		};
		B5975DE129BAAD0600716C1F /* Build configuration list for PBXNativeTarget "blinksExtension" */ = {
			isa = XCConfigurationList;
			buildConfigurations = (
				B5975DE229BAAD0600716C1F /* Debug */,
				B5975DE329BAAD0600716C1F /* Release */,
			);
			defaultConfigurationIsVisible = 0;
			defaultConfigurationName = Release;
		};
/* End XCConfigurationList section */

/* Begin XCRemoteSwiftPackageReference section */
		B545917529BAD11E0060CD48 /* XCRemoteSwiftPackageReference "supabase-swift" */ = {
			isa = XCRemoteSwiftPackageReference;
			repositoryURL = "https://github.com/supabase/supabase-swift.git";
			requirement = {
				kind = upToNextMajorVersion;
				minimumVersion = 0.2.0;
			};
		};
		B5468D2329C7DE360003311B /* XCRemoteSwiftPackageReference "BottomSheet" */ = {
			isa = XCRemoteSwiftPackageReference;
			repositoryURL = "https://github.com/lucaszischka/BottomSheet";
			requirement = {
				kind = upToNextMajorVersion;
				minimumVersion = 3.0.0;
			};
		};
		B5501F0D29C651080024EB94 /* XCRemoteSwiftPackageReference "PathPresenter" */ = {
			isa = XCRemoteSwiftPackageReference;
			repositoryURL = "https://github.com/AlexRoar/PathPresenter";
			requirement = {
				kind = upToNextMajorVersion;
				minimumVersion = 1.0.0;
			};
		};
		B58D493829CF675600B39430 /* XCRemoteSwiftPackageReference "AgoraRtcEngine_iOS" */ = {
			isa = XCRemoteSwiftPackageReference;
			repositoryURL = "https://github.com/AgoraIO/AgoraRtcEngine_iOS.git";
			requirement = {
				kind = upToNextMajorVersion;
				minimumVersion = 4.0.0;
			};
		};
		B5E9AB4829C2951000A3CAC6 /* XCRemoteSwiftPackageReference "keychain-swift" */ = {
			isa = XCRemoteSwiftPackageReference;
			repositoryURL = "https://github.com/evgenyneu/keychain-swift.git";
			requirement = {
				kind = upToNextMajorVersion;
				minimumVersion = 20.0.0;
			};
		};
/* End XCRemoteSwiftPackageReference section */

/* Begin XCSwiftPackageProductDependency section */
		B545917629BAD11E0060CD48 /* Supabase */ = {
			isa = XCSwiftPackageProductDependency;
			package = B545917529BAD11E0060CD48 /* XCRemoteSwiftPackageReference "supabase-swift" */;
			productName = Supabase;
		};
		B5468D2429C7DE360003311B /* BottomSheet */ = {
			isa = XCSwiftPackageProductDependency;
			package = B5468D2329C7DE360003311B /* XCRemoteSwiftPackageReference "BottomSheet" */;
			productName = BottomSheet;
		};
		B5501F0E29C651080024EB94 /* PathPresenter */ = {
			isa = XCSwiftPackageProductDependency;
			package = B5501F0D29C651080024EB94 /* XCRemoteSwiftPackageReference "PathPresenter" */;
			productName = PathPresenter;
		};
		B58D493929CF675700B39430 /* AIAEC */ = {
			isa = XCSwiftPackageProductDependency;
			package = B58D493829CF675600B39430 /* XCRemoteSwiftPackageReference "AgoraRtcEngine_iOS" */;
			productName = AIAEC;
		};
		B58D493B29CF675700B39430 /* AINS */ = {
			isa = XCSwiftPackageProductDependency;
			package = B58D493829CF675600B39430 /* XCRemoteSwiftPackageReference "AgoraRtcEngine_iOS" */;
			productName = AINS;
		};
		B58D493F29CF675700B39430 /* ClearVision */ = {
			isa = XCSwiftPackageProductDependency;
			package = B58D493829CF675600B39430 /* XCRemoteSwiftPackageReference "AgoraRtcEngine_iOS" */;
			productName = ClearVision;
		};
		B58D494129CF675700B39430 /* ContentInspect */ = {
			isa = XCSwiftPackageProductDependency;
			package = B58D493829CF675600B39430 /* XCRemoteSwiftPackageReference "AgoraRtcEngine_iOS" */;
			productName = ContentInspect;
		};
		B58D494329CF675700B39430 /* DRM */ = {
			isa = XCSwiftPackageProductDependency;
			package = B58D493829CF675600B39430 /* XCRemoteSwiftPackageReference "AgoraRtcEngine_iOS" */;
			productName = DRM;
		};
		B58D494529CF675700B39430 /* FaceDetection */ = {
			isa = XCSwiftPackageProductDependency;
			package = B58D493829CF675600B39430 /* XCRemoteSwiftPackageReference "AgoraRtcEngine_iOS" */;
			productName = FaceDetection;
		};
		B58D494929CF675700B39430 /* RtcBasic */ = {
			isa = XCSwiftPackageProductDependency;
			package = B58D493829CF675600B39430 /* XCRemoteSwiftPackageReference "AgoraRtcEngine_iOS" */;
			productName = RtcBasic;
		};
		B58D494D29CF675700B39430 /* VQA */ = {
			isa = XCSwiftPackageProductDependency;
			package = B58D493829CF675600B39430 /* XCRemoteSwiftPackageReference "AgoraRtcEngine_iOS" */;
			productName = VQA;
		};
		B58D494F29CF675700B39430 /* VirtualBackground */ = {
			isa = XCSwiftPackageProductDependency;
			package = B58D493829CF675600B39430 /* XCRemoteSwiftPackageReference "AgoraRtcEngine_iOS" */;
			productName = VirtualBackground;
		};
		B5E9AB4929C2951000A3CAC6 /* KeychainSwift */ = {
			isa = XCSwiftPackageProductDependency;
			package = B5E9AB4829C2951000A3CAC6 /* XCRemoteSwiftPackageReference "keychain-swift" */;
			productName = KeychainSwift;
		};
/* End XCSwiftPackageProductDependency section */
	};
	rootObject = B5975D9229BAACED00716C1F /* Project object */;
}
